// !$*UTF8*$!
{
	archiveVersion = 1;
	classes = {
	};
	objectVersion = 46;
	objects = {

/* Begin PBXFileReference section */
		D4C77F691950912300A1BE28 /* Makefile */ = {isa = PBXFileReference; explicitFileType = sourcecode.make; path = Makefile; sourceTree = "<group>"; usesTabs = 1; };
		D4C77F77195099A200A1BE28 /* program-sam.sh */ = {isa = PBXFileReference; fileEncoding = 4; lastKnownFileType = text.script.sh; path = "program-sam.sh"; sourceTree = "<group>"; };
/* End PBXFileReference section */

/* Begin PBXGroup section */
		D4C77F601950912300A1BE28 = {
			isa = PBXGroup;
			children = (
				D4C77F77195099A200A1BE28 /* program-sam.sh */,
				D4C77F691950912300A1BE28 /* Makefile */,
			);
			sourceTree = "<group>";
		};
/* End PBXGroup section */

/* Begin PBXLegacyTarget section */
		D4C77F651950912300A1BE28 /* Tools */ = {
			isa = PBXLegacyTarget;
			buildArgumentsString = "$(ACTION)";
			buildConfigurationList = D4C77F6A1950912300A1BE28 /* Build configuration list for PBXLegacyTarget "Tools" */;
			buildPhases = (
			);
			buildToolPath = /usr/bin/make;
			buildWorkingDirectory = .;
			dependencies = (
			);
			name = Tools;
			passBuildSettingsInEnvironment = 1;
			productName = Tools;
		};
/* End PBXLegacyTarget section */

/* Begin PBXProject section */
		D4C77F611950912300A1BE28 /* Project object */ = {
			isa = PBXProject;
			attributes = {
				LastUpgradeCheck = 0720;
			};
			buildConfigurationList = D4C77F641950912300A1BE28 /* Build configuration list for PBXProject "Tools" */;
			compatibilityVersion = "Xcode 3.2";
			developmentRegion = English;
			hasScannedForEncodings = 0;
			knownRegions = (
				en,
			);
			mainGroup = D4C77F601950912300A1BE28;
			projectDirPath = "";
			projectRoot = "";
			targets = (
				D4C77F651950912300A1BE28 /* Tools */,
			);
		};
/* End PBXProject section */

/* Begin XCBuildConfiguration section */
		D4C77F621950912300A1BE28 /* Debug */ = {
			isa = XCBuildConfiguration;
			buildSettings = {
				ENABLE_TESTABILITY = YES;
				ONLY_ACTIVE_ARCH = YES;
			};
			name = Debug;
		};
		D4C77F631950912300A1BE28 /* Release */ = {
			isa = XCBuildConfiguration;
			buildSettings = {
			};
			name = Release;
		};
		D4C77F6B1950912300A1BE28 /* Debug */ = {
			isa = XCBuildConfiguration;
			buildSettings = {
				GCC_ENABLE_FIX_AND_CONTINUE = YES;
				PRODUCT_NAME = Tools;
			};
			name = Debug;
		};
		D4C77F6C1950912300A1BE28 /* Release */ = {
			isa = XCBuildConfiguration;
			buildSettings = {
				GCC_ENABLE_FIX_AND_CONTINUE = NO;
				PRODUCT_NAME = Tools;
			};
			name = Release;
		};
/* End XCBuildConfiguration section */

/* Begin XCConfigurationList section */
		D4C77F641950912300A1BE28 /* Build configuration list for PBXProject "Tools" */ = {
			isa = XCConfigurationList;
			buildConfigurations = (
				D4C77F621950912300A1BE28 /* Debug */,
				D4C77F631950912300A1BE28 /* Release */,
			);
			defaultConfigurationIsVisible = 0;
			defaultConfigurationName = Release;
		};
		D4C77F6A1950912300A1BE28 /* Build configuration list for PBXLegacyTarget "Tools" */ = {
			isa = XCConfigurationList;
			buildConfigurations = (
				D4C77F6B1950912300A1BE28 /* Debug */,
				D4C77F6C1950912300A1BE28 /* Release */,
			);
			defaultConfigurationIsVisible = 0;
			defaultConfigurationName = Release;
		};
/* End XCConfigurationList section */
	};
	rootObject = D4C77F611950912300A1BE28 /* Project object */;
}
